
Microsoft Visual Studio Solution File, Format Version 12.00
# Visual Studio 15
VisualStudioVersion = 15.0.28307.168
MinimumVisualStudioVersion = 10.0.40219.1
Project("{FAE04EC0-301F-11D3-BF4B-00C04F79EFBC}") = "Singleton", "Singleton\Singleton.csproj", "{46F4922F-C341-429C-A6AD-02E2554CD4BB}"
EndProject
Global
	GlobalSection(SolutionConfigurationPlatforms) = preSolution
		Debug|Any CPU = Debug|Any CPU
		Release|Any CPU = Release|Any CPU
	EndGlobalSection
	GlobalSection(ProjectConfigurationPlatforms) = postSolution
		{46F4922F-C341-429C-A6AD-02E2554CD4BB}.Debug|Any CPU.ActiveCfg = Debug|Any CPU
		{46F4922F-C341-429C-A6AD-02E2554CD4BB}.Debug|Any CPU.Build.0 = Debug|Any CPU
		{46F4922F-C341-429C-A6AD-02E2554CD4BB}.Release|Any CPU.ActiveCfg = Release|Any CPU
		{46F4922F-C341-429C-A6AD-02E2554CD4BB}.Release|Any CPU.Build.0 = Release|Any CPU
	EndGlobalSection
	GlobalSection(SolutionProperties) = preSolution
		HideSolutionNode = FALSE
	EndGlobalSection
	GlobalSection(ExtensibilityGlobals) = postSolution
		SolutionGuid = {FE471917-F082-4594-BEEC-465EA4A76201}
	EndGlobalSection
EndGlobal
