
Microsoft Visual Studio Solution File, Format Version 12.00
# Visual Studio 15
VisualStudioVersion = 15.0.28307.168
MinimumVisualStudioVersion = 10.0.40219.1
Project("{9A19103F-16F7-4668-BE54-9A1E7A4F7556}") = "Singleton", "Singleton\Singleton.csproj", "{46F4922F-C341-429C-A6AD-02E2554CD4BB}"
EndProject
Project("{FAE04EC0-301F-11D3-BF4B-00C04F79EFBC}") = "Observer", "Observer\Observer.csproj", "{BA7AEEF0-156F-4742-AC69-CA3A9746DCA9}"
EndProject
Project("{FAE04EC0-301F-11D3-BF4B-00C04F79EFBC}") = "Factory", "Factory\Factory.csproj", "{7D9E68E0-7412-4687-8F08-721D2B5CF556}"
EndProject
Project("{FAE04EC0-301F-11D3-BF4B-00C04F79EFBC}") = "ChainOfResponsibility", "ChainOfResponsibility\ChainOfResponsibility.csproj", "{7E8D90A4-B46F-4605-B8C1-8B7E9D045217}"
EndProject
Global
	GlobalSection(SolutionConfigurationPlatforms) = preSolution
		Debug|Any CPU = Debug|Any CPU
		Release|Any CPU = Release|Any CPU
	EndGlobalSection
	GlobalSection(ProjectConfigurationPlatforms) = postSolution
		{46F4922F-C341-429C-A6AD-02E2554CD4BB}.Debug|Any CPU.ActiveCfg = Debug|Any CPU
		{46F4922F-C341-429C-A6AD-02E2554CD4BB}.Debug|Any CPU.Build.0 = Debug|Any CPU
		{46F4922F-C341-429C-A6AD-02E2554CD4BB}.Release|Any CPU.ActiveCfg = Release|Any CPU
		{46F4922F-C341-429C-A6AD-02E2554CD4BB}.Release|Any CPU.Build.0 = Release|Any CPU
		{BA7AEEF0-156F-4742-AC69-CA3A9746DCA9}.Debug|Any CPU.ActiveCfg = Debug|Any CPU
		{BA7AEEF0-156F-4742-AC69-CA3A9746DCA9}.Debug|Any CPU.Build.0 = Debug|Any CPU
		{BA7AEEF0-156F-4742-AC69-CA3A9746DCA9}.Release|Any CPU.ActiveCfg = Release|Any CPU
		{BA7AEEF0-156F-4742-AC69-CA3A9746DCA9}.Release|Any CPU.Build.0 = Release|Any CPU
		{7D9E68E0-7412-4687-8F08-721D2B5CF556}.Debug|Any CPU.ActiveCfg = Debug|Any CPU
		{7D9E68E0-7412-4687-8F08-721D2B5CF556}.Debug|Any CPU.Build.0 = Debug|Any CPU
		{7D9E68E0-7412-4687-8F08-721D2B5CF556}.Release|Any CPU.ActiveCfg = Release|Any CPU
		{7D9E68E0-7412-4687-8F08-721D2B5CF556}.Release|Any CPU.Build.0 = Release|Any CPU
		{7E8D90A4-B46F-4605-B8C1-8B7E9D045217}.Debug|Any CPU.ActiveCfg = Debug|Any CPU
		{7E8D90A4-B46F-4605-B8C1-8B7E9D045217}.Debug|Any CPU.Build.0 = Debug|Any CPU
		{7E8D90A4-B46F-4605-B8C1-8B7E9D045217}.Release|Any CPU.ActiveCfg = Release|Any CPU
		{7E8D90A4-B46F-4605-B8C1-8B7E9D045217}.Release|Any CPU.Build.0 = Release|Any CPU
	EndGlobalSection
	GlobalSection(SolutionProperties) = preSolution
		HideSolutionNode = FALSE
	EndGlobalSection
	GlobalSection(ExtensibilityGlobals) = postSolution
		SolutionGuid = {FE471917-F082-4594-BEEC-465EA4A76201}
	EndGlobalSection
EndGlobal
